
Microsoft Visual Studio Solution File, Format Version 12.00
# Visual Studio 14
VisualStudioVersion = 14.0.25420.1
MinimumVisualStudioVersion = 10.0.40219.1
Project("{FAE04EC0-301F-11D3-BF4B-00C04F79EFBC}") = "ANFIS", "ANFIS\ANFIS.csproj", "{097C67C7-0233-4F75-B6E0-65BB6DF326C4}"
EndProject
Project("{FAE04EC0-301F-11D3-BF4B-00C04F79EFBC}") = "ANFIS_data", "ANFIS_data\ANFIS_data.csproj", "{AC2AC3D0-AE0D-4DE6-AE88-BC75619CBE1D}"
EndProject
Global
	GlobalSection(SolutionConfigurationPlatforms) = preSolution
		Debug|Any CPU = Debug|Any CPU
		Release|Any CPU = Release|Any CPU
	EndGlobalSection
	GlobalSection(ProjectConfigurationPlatforms) = postSolution
		{097C67C7-0233-4F75-B6E0-65BB6DF326C4}.Debug|Any CPU.ActiveCfg = Debug|Any CPU
		{097C67C7-0233-4F75-B6E0-65BB6DF326C4}.Debug|Any CPU.Build.0 = Debug|Any CPU
		{097C67C7-0233-4F75-B6E0-65BB6DF326C4}.Release|Any CPU.ActiveCfg = Release|Any CPU
		{097C67C7-0233-4F75-B6E0-65BB6DF326C4}.Release|Any CPU.Build.0 = Release|Any CPU
		{AC2AC3D0-AE0D-4DE6-AE88-BC75619CBE1D}.Debug|Any CPU.ActiveCfg = Debug|Any CPU
		{AC2AC3D0-AE0D-4DE6-AE88-BC75619CBE1D}.Debug|Any CPU.Build.0 = Debug|Any CPU
		{AC2AC3D0-AE0D-4DE6-AE88-BC75619CBE1D}.Release|Any CPU.ActiveCfg = Release|Any CPU
		{AC2AC3D0-AE0D-4DE6-AE88-BC75619CBE1D}.Release|Any CPU.Build.0 = Release|Any CPU
	EndGlobalSection
	GlobalSection(SolutionProperties) = preSolution
		HideSolutionNode = FALSE
	EndGlobalSection
EndGlobal
